
Microsoft Visual Studio Solution File, Format Version 11.00
# Visual Studio 2010
Project("{FAE04EC0-301F-11D3-BF4B-00C04F79EFBC}") = "Assembly-CSharp", "Assembly-CSharp.csproj", "{f498b7a9-c226-9dad-58c3-8cac86080a6c}"
EndProject
Project("{FAE04EC0-301F-11D3-BF4B-00C04F79EFBC}") = "Assembly-CSharp-Editor", "Assembly-CSharp-Editor.csproj", "{5e83fb10-d3dd-7976-aff6-c1bf9875614f}"
EndProject
Global
	GlobalSection(SolutionConfigurationPlatforms) = preSolution
		Debug|Any CPU = Debug|Any CPU
	EndGlobalSection
	GlobalSection(ProjectConfigurationPlatforms) = postSolution
		{f498b7a9-c226-9dad-58c3-8cac86080a6c}.Debug|Any CPU.ActiveCfg = Debug|Any CPU
		{f498b7a9-c226-9dad-58c3-8cac86080a6c}.Debug|Any CPU.Build.0 = Debug|Any CPU
		{5e83fb10-d3dd-7976-aff6-c1bf9875614f}.Debug|Any CPU.ActiveCfg = Debug|Any CPU
		{5e83fb10-d3dd-7976-aff6-c1bf9875614f}.Debug|Any CPU.Build.0 = Debug|Any CPU
	EndGlobalSection
	GlobalSection(SolutionProperties) = preSolution
		HideSolutionNode = FALSE
	EndGlobalSection
EndGlobal
